
Microsoft Visual Studio Solution File, Format Version 12.00
# Visual Studio Version 17
VisualStudioVersion = 17.11.35327.3
MinimumVisualStudioVersion = 10.0.40219.1
Project("{FAE04EC0-301F-11D3-BF4B-00C04F79EFBC}") = "VargasBobbyGitHub", "VargasBobbyGitHub\VargasBobbyGitHub.csproj", "{51A6B2BA-D2A4-4E82-A221-79A6B94F370A}"
EndProject
Global
	GlobalSection(SolutionConfigurationPlatforms) = preSolution
		Debug|Any CPU = Debug|Any CPU
		Release|Any CPU = Release|Any CPU
	EndGlobalSection
	GlobalSection(ProjectConfigurationPlatforms) = postSolution
		{51A6B2BA-D2A4-4E82-A221-79A6B94F370A}.Debug|Any CPU.ActiveCfg = Debug|Any CPU
		{51A6B2BA-D2A4-4E82-A221-79A6B94F370A}.Debug|Any CPU.Build.0 = Debug|Any CPU
		{51A6B2BA-D2A4-4E82-A221-79A6B94F370A}.Release|Any CPU.ActiveCfg = Release|Any CPU
		{51A6B2BA-D2A4-4E82-A221-79A6B94F370A}.Release|Any CPU.Build.0 = Release|Any CPU
	EndGlobalSection
	GlobalSection(SolutionProperties) = preSolution
		HideSolutionNode = FALSE
	EndGlobalSection
	GlobalSection(ExtensibilityGlobals) = postSolution
		SolutionGuid = {C9BADD10-D2F0-40C9-96A7-97094DF427BF}
	EndGlobalSection
EndGlobal
